
Microsoft Visual Studio Solution File, Format Version 10.00
# Visual Studio 2008
Project("{8BC9CEB8-8B4A-11D0-8D11-00A0C91BC942}") = "fagex", "fagex\fagex.vcproj", "{131636CF-F35C-4DF2-9FC2-FDB52DDB4A0D}"
EndProject
Project("{2150E333-8FDC-42A3-9474-1A3956D46DE8}") = "Examples", "Examples", "{9E1DB44D-D204-4E9E-8471-E62745FB1EA7}"
EndProject
Project("{8BC9CEB8-8B4A-11D0-8D11-00A0C91BC942}") = "AxpPacker", "examples\AxpPacker\AxpPacker.vcproj", "{D00114DD-0498-4A3F-8359-660ADDEA40D1}"
EndProject
Project("{2150E333-8FDC-42A3-9474-1A3956D46DE8}") = "librarys", "librarys", "{15E8E7AE-B78C-4E75-B2FC-E2FAEF7F36BA}"
EndProject
Global
	GlobalSection(SolutionConfigurationPlatforms) = preSolution
		Debug|Win32 = Debug|Win32
		Release|Win32 = Release|Win32
	EndGlobalSection
	GlobalSection(ProjectConfigurationPlatforms) = postSolution
		{131636CF-F35C-4DF2-9FC2-FDB52DDB4A0D}.Debug|Win32.ActiveCfg = Debug|Win32
		{131636CF-F35C-4DF2-9FC2-FDB52DDB4A0D}.Debug|Win32.Build.0 = Debug|Win32
		{131636CF-F35C-4DF2-9FC2-FDB52DDB4A0D}.Release|Win32.ActiveCfg = Release|Win32
		{131636CF-F35C-4DF2-9FC2-FDB52DDB4A0D}.Release|Win32.Build.0 = Release|Win32
		{D00114DD-0498-4A3F-8359-660ADDEA40D1}.Debug|Win32.ActiveCfg = Debug|Win32
		{D00114DD-0498-4A3F-8359-660ADDEA40D1}.Debug|Win32.Build.0 = Debug|Win32
		{D00114DD-0498-4A3F-8359-660ADDEA40D1}.Release|Win32.ActiveCfg = Release|Win32
		{D00114DD-0498-4A3F-8359-660ADDEA40D1}.Release|Win32.Build.0 = Release|Win32
	EndGlobalSection
	GlobalSection(SolutionProperties) = preSolution
		HideSolutionNode = FALSE
	EndGlobalSection
	GlobalSection(NestedProjects) = preSolution
		{D00114DD-0498-4A3F-8359-660ADDEA40D1} = {9E1DB44D-D204-4E9E-8471-E62745FB1EA7}
		{131636CF-F35C-4DF2-9FC2-FDB52DDB4A0D} = {15E8E7AE-B78C-4E75-B2FC-E2FAEF7F36BA}
	EndGlobalSection
EndGlobal
